// !$*UTF8*$!
{
	archiveVersion = 1;
	classes = {
	};
	objectVersion = 53;
	objects = {

/* Begin PBXBuildFile section */
		AC74389B251579B60065082D /* honda_toyota_resnet34_1.mlmodel in Sources */ = {isa = PBXBuildFile; fileRef = AC74389A251579B60065082D /* honda_toyota_resnet34_1.mlmodel */; };
		ACC053E824D8F63600F11A9C /* ViewController3.swift in Sources */ = {isa = PBXBuildFile; fileRef = ACC053E724D8F63600F11A9C /* ViewController3.swift */; };
		ACC053EB24D8FAC800F11A9C /* TOCropViewController in Frameworks */ = {isa = PBXBuildFile; productRef = ACC053EA24D8FAC800F11A9C /* TOCropViewController */; };
		ACC053ED24D9054500F11A9C /* ViewController4.swift in Sources */ = {isa = PBXBuildFile; fileRef = ACC053EC24D9054500F11A9C /* ViewController4.swift */; };
		ACC053EF24D9055100F11A9C /* ViewController5.swift in Sources */ = {isa = PBXBuildFile; fileRef = ACC053EE24D9055100F11A9C /* ViewController5.swift */; };
		ACC14BF524D8A0B200174F97 /* AppDelegate.swift in Sources */ = {isa = PBXBuildFile; fileRef = ACC14BF424D8A0B200174F97 /* AppDelegate.swift */; };
		ACC14BF724D8A0B200174F97 /* SceneDelegate.swift in Sources */ = {isa = PBXBuildFile; fileRef = ACC14BF624D8A0B200174F97 /* SceneDelegate.swift */; };
		ACC14BF924D8A0B200174F97 /* ViewController1.swift in Sources */ = {isa = PBXBuildFile; fileRef = ACC14BF824D8A0B200174F97 /* ViewController1.swift */; };
		ACC14BFC24D8A0B200174F97 /* Main.storyboard in Resources */ = {isa = PBXBuildFile; fileRef = ACC14BFA24D8A0B200174F97 /* Main.storyboard */; };
		ACC14BFE24D8A0B300174F97 /* Assets.xcassets in Resources */ = {isa = PBXBuildFile; fileRef = ACC14BFD24D8A0B300174F97 /* Assets.xcassets */; };
		ACC14C0124D8A0B300174F97 /* LaunchScreen.storyboard in Resources */ = {isa = PBXBuildFile; fileRef = ACC14BFF24D8A0B300174F97 /* LaunchScreen.storyboard */; };
		ACC14C0C24D8A0B300174F97 /* car_classification_appTests.swift in Sources */ = {isa = PBXBuildFile; fileRef = ACC14C0B24D8A0B300174F97 /* car_classification_appTests.swift */; };
		ACC14C1924D8A22D00174F97 /* VideoView.swift in Sources */ = {isa = PBXBuildFile; fileRef = ACC14C1824D8A22D00174F97 /* VideoView.swift */; };
/* End PBXBuildFile section */

/* Begin PBXContainerItemProxy section */
		ACC14C0824D8A0B300174F97 /* PBXContainerItemProxy */ = {
			isa = PBXContainerItemProxy;
			containerPortal = ACC14BE924D8A0B200174F97 /* Project object */;
			proxyType = 1;
			remoteGlobalIDString = ACC14BF024D8A0B200174F97;
			remoteInfo = "car-classification-app";
		};
/* End PBXContainerItemProxy section */

/* Begin PBXFileReference section */
		AC74389A251579B60065082D /* honda_toyota_resnet34_1.mlmodel */ = {isa = PBXFileReference; lastKnownFileType = file.mlmodel; path = honda_toyota_resnet34_1.mlmodel; sourceTree = "<group>"; };
		ACC053E724D8F63600F11A9C /* ViewController3.swift */ = {isa = PBXFileReference; lastKnownFileType = sourcecode.swift; path = ViewController3.swift; sourceTree = "<group>"; };
		ACC053EC24D9054500F11A9C /* ViewController4.swift */ = {isa = PBXFileReference; lastKnownFileType = sourcecode.swift; path = ViewController4.swift; sourceTree = "<group>"; };
		ACC053EE24D9055100F11A9C /* ViewController5.swift */ = {isa = PBXFileReference; lastKnownFileType = sourcecode.swift; path = ViewController5.swift; sourceTree = "<group>"; };
		ACC14BF124D8A0B200174F97 /* car-classification-app.app */ = {isa = PBXFileReference; explicitFileType = wrapper.application; includeInIndex = 0; path = "car-classification-app.app"; sourceTree = BUILT_PRODUCTS_DIR; };
		ACC14BF424D8A0B200174F97 /* AppDelegate.swift */ = {isa = PBXFileReference; lastKnownFileType = sourcecode.swift; path = AppDelegate.swift; sourceTree = "<group>"; };
		ACC14BF624D8A0B200174F97 /* SceneDelegate.swift */ = {isa = PBXFileReference; lastKnownFileType = sourcecode.swift; path = SceneDelegate.swift; sourceTree = "<group>"; };
		ACC14BF824D8A0B200174F97 /* ViewController1.swift */ = {isa = PBXFileReference; lastKnownFileType = sourcecode.swift; path = ViewController1.swift; sourceTree = "<group>"; };
		ACC14BFB24D8A0B200174F97 /* Base */ = {isa = PBXFileReference; lastKnownFileType = file.storyboard; name = Base; path = Base.lproj/Main.storyboard; sourceTree = "<group>"; };
		ACC14BFD24D8A0B300174F97 /* Assets.xcassets */ = {isa = PBXFileReference; lastKnownFileType = folder.assetcatalog; path = Assets.xcassets; sourceTree = "<group>"; };
		ACC14C0024D8A0B300174F97 /* Base */ = {isa = PBXFileReference; lastKnownFileType = file.storyboard; name = Base; path = Base.lproj/LaunchScreen.storyboard; sourceTree = "<group>"; };
		ACC14C0224D8A0B300174F97 /* Info.plist */ = {isa = PBXFileReference; lastKnownFileType = text.plist.xml; path = Info.plist; sourceTree = "<group>"; };
		ACC14C0724D8A0B300174F97 /* car-classification-appTests.xctest */ = {isa = PBXFileReference; explicitFileType = wrapper.cfbundle; includeInIndex = 0; path = "car-classification-appTests.xctest"; sourceTree = BUILT_PRODUCTS_DIR; };
		ACC14C0B24D8A0B300174F97 /* car_classification_appTests.swift */ = {isa = PBXFileReference; lastKnownFileType = sourcecode.swift; path = car_classification_appTests.swift; sourceTree = "<group>"; };
		ACC14C0D24D8A0B300174F97 /* Info.plist */ = {isa = PBXFileReference; lastKnownFileType = text.plist.xml; path = Info.plist; sourceTree = "<group>"; };
		ACC14C1824D8A22D00174F97 /* VideoView.swift */ = {isa = PBXFileReference; lastKnownFileType = sourcecode.swift; path = VideoView.swift; sourceTree = "<group>"; };
/* End PBXFileReference section */

/* Begin PBXFrameworksBuildPhase section */
		ACC14BEE24D8A0B200174F97 /* Frameworks */ = {
			isa = PBXFrameworksBuildPhase;
			buildActionMask = 2147483647;
			files = (
				ACC053EB24D8FAC800F11A9C /* TOCropViewController in Frameworks */,
			);
			runOnlyForDeploymentPostprocessing = 0;
		};
		ACC14C0424D8A0B300174F97 /* Frameworks */ = {
			isa = PBXFrameworksBuildPhase;
			buildActionMask = 2147483647;
			files = (
			);
			runOnlyForDeploymentPostprocessing = 0;
		};
/* End PBXFrameworksBuildPhase section */

/* Begin PBXGroup section */
		ACC14BE824D8A0B200174F97 = {
			isa = PBXGroup;
			children = (
				ACC14BF324D8A0B200174F97 /* car-classification-app */,
				ACC14C0A24D8A0B300174F97 /* car-classification-appTests */,
				ACC14BF224D8A0B200174F97 /* Products */,
			);
			sourceTree = "<group>";
		};
		ACC14BF224D8A0B200174F97 /* Products */ = {
			isa = PBXGroup;
			children = (
				ACC14BF124D8A0B200174F97 /* car-classification-app.app */,
				ACC14C0724D8A0B300174F97 /* car-classification-appTests.xctest */,
			);
			name = Products;
			sourceTree = "<group>";
		};
		ACC14BF324D8A0B200174F97 /* car-classification-app */ = {
			isa = PBXGroup;
			children = (
				ACC14BF424D8A0B200174F97 /* AppDelegate.swift */,
				ACC14BF624D8A0B200174F97 /* SceneDelegate.swift */,
				ACC14C1824D8A22D00174F97 /* VideoView.swift */,
				ACC14BF824D8A0B200174F97 /* ViewController1.swift */,
				ACC053E724D8F63600F11A9C /* ViewController3.swift */,
				ACC053EC24D9054500F11A9C /* ViewController4.swift */,
				ACC053EE24D9055100F11A9C /* ViewController5.swift */,
				AC74389A251579B60065082D /* honda_toyota_resnet34_1.mlmodel */,
				ACC14BFA24D8A0B200174F97 /* Main.storyboard */,
				ACC14BFD24D8A0B300174F97 /* Assets.xcassets */,
				ACC14BFF24D8A0B300174F97 /* LaunchScreen.storyboard */,
				ACC14C0224D8A0B300174F97 /* Info.plist */,
			);
			path = "car-classification-app";
			sourceTree = "<group>";
		};
		ACC14C0A24D8A0B300174F97 /* car-classification-appTests */ = {
			isa = PBXGroup;
			children = (
				ACC14C0B24D8A0B300174F97 /* car_classification_appTests.swift */,
				ACC14C0D24D8A0B300174F97 /* Info.plist */,
			);
			path = "car-classification-appTests";
			sourceTree = "<group>";
		};
/* End PBXGroup section */

/* Begin PBXNativeTarget section */
		ACC14BF024D8A0B200174F97 /* car-classification-app */ = {
			isa = PBXNativeTarget;
			buildConfigurationList = ACC14C1024D8A0B300174F97 /* Build configuration list for PBXNativeTarget "car-classification-app" */;
			buildPhases = (
				ACC14BED24D8A0B200174F97 /* Sources */,
				ACC14BEE24D8A0B200174F97 /* Frameworks */,
				ACC14BEF24D8A0B200174F97 /* Resources */,
			);
			buildRules = (
			);
			dependencies = (
			);
			name = "car-classification-app";
			packageProductDependencies = (
				ACC053EA24D8FAC800F11A9C /* TOCropViewController */,
			);
			productName = "car-classification-app";
			productReference = ACC14BF124D8A0B200174F97 /* car-classification-app.app */;
			productType = "com.apple.product-type.application";
		};
		ACC14C0624D8A0B300174F97 /* car-classification-appTests */ = {
			isa = PBXNativeTarget;
			buildConfigurationList = ACC14C1324D8A0B300174F97 /* Build configuration list for PBXNativeTarget "car-classification-appTests" */;
			buildPhases = (
				ACC14C0324D8A0B300174F97 /* Sources */,
				ACC14C0424D8A0B300174F97 /* Frameworks */,
				ACC14C0524D8A0B300174F97 /* Resources */,
			);
			buildRules = (
			);
			dependencies = (
				ACC14C0924D8A0B300174F97 /* PBXTargetDependency */,
			);
			name = "car-classification-appTests";
			productName = "car-classification-appTests";
			productReference = ACC14C0724D8A0B300174F97 /* car-classification-appTests.xctest */;
			productType = "com.apple.product-type.bundle.unit-test";
		};
/* End PBXNativeTarget section */

/* Begin PBXProject section */
		ACC14BE924D8A0B200174F97 /* Project object */ = {
			isa = PBXProject;
			attributes = {
				LastSwiftUpdateCheck = 1160;
				LastUpgradeCheck = 1160;
				ORGANIZATIONNAME = "Gautham Gorti";
				TargetAttributes = {
					ACC14BF024D8A0B200174F97 = {
						CreatedOnToolsVersion = 11.6;
					};
					ACC14C0624D8A0B300174F97 = {
						CreatedOnToolsVersion = 11.6;
						TestTargetID = ACC14BF024D8A0B200174F97;
					};
				};
			};
			buildConfigurationList = ACC14BEC24D8A0B200174F97 /* Build configuration list for PBXProject "car-classification-app" */;
			compatibilityVersion = "Xcode 11.4";
			developmentRegion = en;
			hasScannedForEncodings = 0;
			knownRegions = (
				en,
				Base,
			);
			mainGroup = ACC14BE824D8A0B200174F97;
			packageReferences = (
				ACC053E924D8FAC800F11A9C /* XCRemoteSwiftPackageReference "TOCropViewController" */,
			);
			productRefGroup = ACC14BF224D8A0B200174F97 /* Products */;
			projectDirPath = "";
			projectRoot = "";
			targets = (
				ACC14BF024D8A0B200174F97 /* car-classification-app */,
				ACC14C0624D8A0B300174F97 /* car-classification-appTests */,
			);
		};
/* End PBXProject section */

/* Begin PBXResourcesBuildPhase section */
		ACC14BEF24D8A0B200174F97 /* Resources */ = {
			isa = PBXResourcesBuildPhase;
			buildActionMask = 2147483647;
			files = (
				ACC14C0124D8A0B300174F97 /* LaunchScreen.storyboard in Resources */,
				ACC14BFE24D8A0B300174F97 /* Assets.xcassets in Resources */,
				ACC14BFC24D8A0B200174F97 /* Main.storyboard in Resources */,
			);
			runOnlyForDeploymentPostprocessing = 0;
		};
		ACC14C0524D8A0B300174F97 /* Resources */ = {
			isa = PBXResourcesBuildPhase;
			buildActionMask = 2147483647;
			files = (
			);
			runOnlyForDeploymentPostprocessing = 0;
		};
/* End PBXResourcesBuildPhase section */

/* Begin PBXSourcesBuildPhase section */
		ACC14BED24D8A0B200174F97 /* Sources */ = {
			isa = PBXSourcesBuildPhase;
			buildActionMask = 2147483647;
			files = (
				ACC053ED24D9054500F11A9C /* ViewController4.swift in Sources */,
				ACC14C1924D8A22D00174F97 /* VideoView.swift in Sources */,
				ACC053E824D8F63600F11A9C /* ViewController3.swift in Sources */,
				ACC053EF24D9055100F11A9C /* ViewController5.swift in Sources */,
				ACC14BF924D8A0B200174F97 /* ViewController1.swift in Sources */,
				ACC14BF524D8A0B200174F97 /* AppDelegate.swift in Sources */,
				ACC14BF724D8A0B200174F97 /* SceneDelegate.swift in Sources */,
				AC74389B251579B60065082D /* honda_toyota_resnet34_1.mlmodel in Sources */,
			);
			runOnlyForDeploymentPostprocessing = 0;
		};
		ACC14C0324D8A0B300174F97 /* Sources */ = {
			isa = PBXSourcesBuildPhase;
			buildActionMask = 2147483647;
			files = (
				ACC14C0C24D8A0B300174F97 /* car_classification_appTests.swift in Sources */,
			);
			runOnlyForDeploymentPostprocessing = 0;
		};
/* End PBXSourcesBuildPhase section */

/* Begin PBXTargetDependency section */
		ACC14C0924D8A0B300174F97 /* PBXTargetDependency */ = {
			isa = PBXTargetDependency;
			target = ACC14BF024D8A0B200174F97 /* car-classification-app */;
			targetProxy = ACC14C0824D8A0B300174F97 /* PBXContainerItemProxy */;
		};
/* End PBXTargetDependency section */

/* Begin PBXVariantGroup section */
		ACC14BFA24D8A0B200174F97 /* Main.storyboard */ = {
			isa = PBXVariantGroup;
			children = (
				ACC14BFB24D8A0B200174F97 /* Base */,
			);
			name = Main.storyboard;
			sourceTree = "<group>";
		};
		ACC14BFF24D8A0B300174F97 /* LaunchScreen.storyboard */ = {
			isa = PBXVariantGroup;
			children = (
				ACC14C0024D8A0B300174F97 /* Base */,
			);
			name = LaunchScreen.storyboard;
			sourceTree = "<group>";
		};
/* End PBXVariantGroup section */

/* Begin XCBuildConfiguration section */
		ACC14C0E24D8A0B300174F97 /* Debug */ = {
			isa = XCBuildConfiguration;
			buildSettings = {
				ALWAYS_SEARCH_USER_PATHS = NO;
				CLANG_ANALYZER_NONNULL = YES;
				CLANG_ANALYZER_NUMBER_OBJECT_CONVERSION = YES_AGGRESSIVE;
				CLANG_CXX_LANGUAGE_STANDARD = "gnu++14";
				CLANG_CXX_LIBRARY = "libc++";
				CLANG_ENABLE_MODULES = YES;
				CLANG_ENABLE_OBJC_ARC = YES;
				CLANG_ENABLE_OBJC_WEAK = YES;
				CLANG_WARN_BLOCK_CAPTURE_AUTORELEASING = YES;
				CLANG_WARN_BOOL_CONVERSION = YES;
				CLANG_WARN_COMMA = YES;
				CLANG_WARN_CONSTANT_CONVERSION = YES;
				CLANG_WARN_DEPRECATED_OBJC_IMPLEMENTATIONS = YES;
				CLANG_WARN_DIRECT_OBJC_ISA_USAGE = YES_ERROR;
				CLANG_WARN_DOCUMENTATION_COMMENTS = YES;
				CLANG_WARN_EMPTY_BODY = YES;
				CLANG_WARN_ENUM_CONVERSION = YES;
				CLANG_WARN_INFINITE_RECURSION = YES;
				CLANG_WARN_INT_CONVERSION = YES;
				CLANG_WARN_NON_LITERAL_NULL_CONVERSION = YES;
				CLANG_WARN_OBJC_IMPLICIT_RETAIN_SELF = YES;
				CLANG_WARN_OBJC_LITERAL_CONVERSION = YES;
				CLANG_WARN_OBJC_ROOT_CLASS = YES_ERROR;
				CLANG_WARN_RANGE_LOOP_ANALYSIS = YES;
				CLANG_WARN_STRICT_PROTOTYPES = YES;
				CLANG_WARN_SUSPICIOUS_MOVE = YES;
				CLANG_WARN_UNGUARDED_AVAILABILITY = YES_AGGRESSIVE;
				CLANG_WARN_UNREACHABLE_CODE = YES;
				CLANG_WARN__DUPLICATE_METHOD_MATCH = YES;
				COPY_PHASE_STRIP = NO;
				DEBUG_INFORMATION_FORMAT = dwarf;
				ENABLE_STRICT_OBJC_MSGSEND = YES;
				ENABLE_TESTABILITY = YES;
				GCC_C_LANGUAGE_STANDARD = gnu11;
				GCC_DYNAMIC_NO_PIC = NO;
				GCC_NO_COMMON_BLOCKS = YES;
				GCC_OPTIMIZATION_LEVEL = 0;
				GCC_PREPROCESSOR_DEFINITIONS = (
					"DEBUG=1",
					"$(inherited)",
				);
				GCC_WARN_64_TO_32_BIT_CONVERSION = YES;
				GCC_WARN_ABOUT_RETURN_TYPE = YES_ERROR;
				GCC_WARN_UNDECLARED_SELECTOR = YES;
				GCC_WARN_UNINITIALIZED_AUTOS = YES_AGGRESSIVE;
				GCC_WARN_UNUSED_FUNCTION = YES;
				GCC_WARN_UNUSED_VARIABLE = YES;
				IPHONEOS_DEPLOYMENT_TARGET = 13.6;
				MTL_ENABLE_DEBUG_INFO = INCLUDE_SOURCE;
				MTL_FAST_MATH = YES;
				ONLY_ACTIVE_ARCH = YES;
				SDKROOT = iphoneos;
				SWIFT_ACTIVE_COMPILATION_CONDITIONS = DEBUG;
				SWIFT_OPTIMIZATION_LEVEL = "-Onone";
			};
			name = Debug;
		};
		ACC14C0F24D8A0B300174F97 /* Release */ = {
			isa = XCBuildConfiguration;
			buildSettings = {
				ALWAYS_SEARCH_USER_PATHS = NO;
				CLANG_ANALYZER_NONNULL = YES;
				CLANG_ANALYZER_NUMBER_OBJECT_CONVERSION = YES_AGGRESSIVE;
				CLANG_CXX_LANGUAGE_STANDARD = "gnu++14";
				CLANG_CXX_LIBRARY = "libc++";
				CLANG_ENABLE_MODULES = YES;
				CLANG_ENABLE_OBJC_ARC = YES;
				CLANG_ENABLE_OBJC_WEAK = YES;
				CLANG_WARN_BLOCK_CAPTURE_AUTORELEASING = YES;
				CLANG_WARN_BOOL_CONVERSION = YES;
				CLANG_WARN_COMMA = YES;
				CLANG_WARN_CONSTANT_CONVERSION = YES;
				CLANG_WARN_DEPRECATED_OBJC_IMPLEMENTATIONS = YES;
				CLANG_WARN_DIRECT_OBJC_ISA_USAGE = YES_ERROR;
				CLANG_WARN_DOCUMENTATION_COMMENTS = YES;
				CLANG_WARN_EMPTY_BODY = YES;
				CLANG_WARN_ENUM_CONVERSION = YES;
				CLANG_WARN_INFINITE_RECURSION = YES;
				CLANG_WARN_INT_CONVERSION = YES;
				CLANG_WARN_NON_LITERAL_NULL_CONVERSION = YES;
				CLANG_WARN_OBJC_IMPLICIT_RETAIN_SELF = YES;
				CLANG_WARN_OBJC_LITERAL_CONVERSION = YES;
				CLANG_WARN_OBJC_ROOT_CLASS = YES_ERROR;
				CLANG_WARN_RANGE_LOOP_ANALYSIS = YES;
				CLANG_WARN_STRICT_PROTOTYPES = YES;
				CLANG_WARN_SUSPICIOUS_MOVE = YES;
				CLANG_WARN_UNGUARDED_AVAILABILITY = YES_AGGRESSIVE;
				CLANG_WARN_UNREACHABLE_CODE = YES;
				CLANG_WARN__DUPLICATE_METHOD_MATCH = YES;
				COPY_PHASE_STRIP = NO;
				DEBUG_INFORMATION_FORMAT = "dwarf-with-dsym";
				ENABLE_NS_ASSERTIONS = NO;
				ENABLE_STRICT_OBJC_MSGSEND = YES;
				GCC_C_LANGUAGE_STANDARD = gnu11;
				GCC_NO_COMMON_BLOCKS = YES;
				GCC_WARN_64_TO_32_BIT_CONVERSION = YES;
				GCC_WARN_ABOUT_RETURN_TYPE = YES_ERROR;
				GCC_WARN_UNDECLARED_SELECTOR = YES;
				GCC_WARN_UNINITIALIZED_AUTOS = YES_AGGRESSIVE;
				GCC_WARN_UNUSED_FUNCTION = YES;
				GCC_WARN_UNUSED_VARIABLE = YES;
				IPHONEOS_DEPLOYMENT_TARGET = 13.6;
				MTL_ENABLE_DEBUG_INFO = NO;
				MTL_FAST_MATH = YES;
				SDKROOT = iphoneos;
				SWIFT_COMPILATION_MODE = wholemodule;
				SWIFT_OPTIMIZATION_LEVEL = "-O";
				VALIDATE_PRODUCT = YES;
			};
			name = Release;
		};
		ACC14C1124D8A0B300174F97 /* Debug */ = {
			isa = XCBuildConfiguration;
			buildSettings = {
				ASSETCATALOG_COMPILER_APPICON_NAME = AppIcon;
				CODE_SIGN_STYLE = Automatic;
				DEVELOPMENT_TEAM = 6GHR5SMMAC;
				INFOPLIST_FILE = "car-classification-app/Info.plist";
				LD_RUNPATH_SEARCH_PATHS = (
					"$(inherited)",
					"@executable_path/Frameworks",
				);
				PRODUCT_BUNDLE_IDENTIFIER = "com.gauthamgorti.car-classification-app";
				PRODUCT_NAME = "$(TARGET_NAME)";
				SWIFT_VERSION = 5.0;
				TARGETED_DEVICE_FAMILY = "1,2";
			};
			name = Debug;
		};
		ACC14C1224D8A0B300174F97 /* Release */ = {
			isa = XCBuildConfiguration;
			buildSettings = {
				ASSETCATALOG_COMPILER_APPICON_NAME = AppIcon;
				CODE_SIGN_STYLE = Automatic;
				DEVELOPMENT_TEAM = 6GHR5SMMAC;
				INFOPLIST_FILE = "car-classification-app/Info.plist";
				LD_RUNPATH_SEARCH_PATHS = (
					"$(inherited)",
					"@executable_path/Frameworks",
				);
				PRODUCT_BUNDLE_IDENTIFIER = "com.gauthamgorti.car-classification-app";
				PRODUCT_NAME = "$(TARGET_NAME)";
				SWIFT_VERSION = 5.0;
				TARGETED_DEVICE_FAMILY = "1,2";
			};
			name = Release;
		};
		ACC14C1424D8A0B300174F97 /* Debug */ = {
			isa = XCBuildConfiguration;
			buildSettings = {
				ALWAYS_EMBED_SWIFT_STANDARD_LIBRARIES = YES;
				BUNDLE_LOADER = "$(TEST_HOST)";
				CODE_SIGN_STYLE = Automatic;
				DEVELOPMENT_TEAM = 6GHR5SMMAC;
				INFOPLIST_FILE = "car-classification-appTests/Info.plist";
				IPHONEOS_DEPLOYMENT_TARGET = 13.6;
				LD_RUNPATH_SEARCH_PATHS = (
					"$(inherited)",
					"@executable_path/Frameworks",
					"@loader_path/Frameworks",
				);
				PRODUCT_BUNDLE_IDENTIFIER = "com.gauthamgorti.car-classification-appTests";
				PRODUCT_NAME = "$(TARGET_NAME)";
				SWIFT_VERSION = 5.0;
				TARGETED_DEVICE_FAMILY = "1,2";
				TEST_HOST = "$(BUILT_PRODUCTS_DIR)/car-classification-app.app/car-classification-app";
			};
			name = Debug;
		};
		ACC14C1524D8A0B300174F97 /* Release */ = {
			isa = XCBuildConfiguration;
			buildSettings = {
				ALWAYS_EMBED_SWIFT_STANDARD_LIBRARIES = YES;
				BUNDLE_LOADER = "$(TEST_HOST)";
				CODE_SIGN_STYLE = Automatic;
				DEVELOPMENT_TEAM = 6GHR5SMMAC;
				INFOPLIST_FILE = "car-classification-appTests/Info.plist";
				IPHONEOS_DEPLOYMENT_TARGET = 13.6;
				LD_RUNPATH_SEARCH_PATHS = (
					"$(inherited)",
					"@executable_path/Frameworks",
					"@loader_path/Frameworks",
				);
				PRODUCT_BUNDLE_IDENTIFIER = "com.gauthamgorti.car-classification-appTests";
				PRODUCT_NAME = "$(TARGET_NAME)";
				SWIFT_VERSION = 5.0;
				TARGETED_DEVICE_FAMILY = "1,2";
				TEST_HOST = "$(BUILT_PRODUCTS_DIR)/car-classification-app.app/car-classification-app";
			};
			name = Release;
		};
/* End XCBuildConfiguration section */

/* Begin XCConfigurationList section */
		ACC14BEC24D8A0B200174F97 /* Build configuration list for PBXProject "car-classification-app" */ = {
			isa = XCConfigurationList;
			buildConfigurations = (
				ACC14C0E24D8A0B300174F97 /* Debug */,
				ACC14C0F24D8A0B300174F97 /* Release */,
			);
			defaultConfigurationIsVisible = 0;
			defaultConfigurationName = Release;
		};
		ACC14C1024D8A0B300174F97 /* Build configuration list for PBXNativeTarget "car-classification-app" */ = {
			isa = XCConfigurationList;
			buildConfigurations = (
				ACC14C1124D8A0B300174F97 /* Debug */,
				ACC14C1224D8A0B300174F97 /* Release */,
			);
			defaultConfigurationIsVisible = 0;
			defaultConfigurationName = Release;
		};
		ACC14C1324D8A0B300174F97 /* Build configuration list for PBXNativeTarget "car-classification-appTests" */ = {
			isa = XCConfigurationList;
			buildConfigurations = (
				ACC14C1424D8A0B300174F97 /* Debug */,
				ACC14C1524D8A0B300174F97 /* Release */,
			);
			defaultConfigurationIsVisible = 0;
			defaultConfigurationName = Release;
		};
/* End XCConfigurationList section */

/* Begin XCRemoteSwiftPackageReference section */
		ACC053E924D8FAC800F11A9C /* XCRemoteSwiftPackageReference "TOCropViewController" */ = {
			isa = XCRemoteSwiftPackageReference;
			repositoryURL = "https://github.com/TimOliver/TOCropViewController.git";
			requirement = {
				kind = upToNextMajorVersion;
				minimumVersion = 2.5.3;
			};
		};
/* End XCRemoteSwiftPackageReference section */

/* Begin XCSwiftPackageProductDependency section */
		ACC053EA24D8FAC800F11A9C /* TOCropViewController */ = {
			isa = XCSwiftPackageProductDependency;
			package = ACC053E924D8FAC800F11A9C /* XCRemoteSwiftPackageReference "TOCropViewController" */;
			productName = TOCropViewController;
		};
/* End XCSwiftPackageProductDependency section */
	};
	rootObject = ACC14BE924D8A0B200174F97 /* Project object */;
}
